
Microsoft Visual Studio Solution File, Format Version 12.00
# Visual Studio Version 16
VisualStudioVersion = 16.0.29009.5
MinimumVisualStudioVersion = 10.0.40219.1
Project("{FAE04EC0-301F-11D3-BF4B-00C04F79EFBC}") = "PROJECTSOLUTION", "PROJECTSOLUTION\PROJECTSOLUTION.csproj", "{D729565F-246D-4393-BD9C-D943AF16E235}"
EndProject
Global
	GlobalSection(SolutionConfigurationPlatforms) = preSolution
		Debug|Any CPU = Debug|Any CPU
		Release|Any CPU = Release|Any CPU
	EndGlobalSection
	GlobalSection(ProjectConfigurationPlatforms) = postSolution
		{D729565F-246D-4393-BD9C-D943AF16E235}.Debug|Any CPU.ActiveCfg = Debug|Any CPU
		{D729565F-246D-4393-BD9C-D943AF16E235}.Debug|Any CPU.Build.0 = Debug|Any CPU
		{D729565F-246D-4393-BD9C-D943AF16E235}.Release|Any CPU.ActiveCfg = Release|Any CPU
		{D729565F-246D-4393-BD9C-D943AF16E235}.Release|Any CPU.Build.0 = Release|Any CPU
	EndGlobalSection
	GlobalSection(SolutionProperties) = preSolution
		HideSolutionNode = FALSE
	EndGlobalSection
	GlobalSection(ExtensibilityGlobals) = postSolution
		SolutionGuid = {4FBA574B-9157-4684-90CB-694D8ADBFDA0}
	EndGlobalSection
EndGlobal
